
Microsoft Visual Studio Solution File, Format Version 12.00
# Visual Studio Version 17
VisualStudioVersion = 17.10.35013.160
MinimumVisualStudioVersion = 10.0.40219.1
Project("{FAE04EC0-301F-11D3-BF4B-00C04F79EFBC}") = "ConsoleApp2", "ConsoleApp2\ConsoleApp2.csproj", "{3BA20B6C-A46D-4CC9-AE17-29E45527622D}"
EndProject
Global
	GlobalSection(SolutionConfigurationPlatforms) = preSolution
		Debug|Any CPU = Debug|Any CPU
		Release|Any CPU = Release|Any CPU
	EndGlobalSection
	GlobalSection(ProjectConfigurationPlatforms) = postSolution
		{3BA20B6C-A46D-4CC9-AE17-29E45527622D}.Debug|Any CPU.ActiveCfg = Debug|Any CPU
		{3BA20B6C-A46D-4CC9-AE17-29E45527622D}.Debug|Any CPU.Build.0 = Debug|Any CPU
		{3BA20B6C-A46D-4CC9-AE17-29E45527622D}.Release|Any CPU.ActiveCfg = Release|Any CPU
		{3BA20B6C-A46D-4CC9-AE17-29E45527622D}.Release|Any CPU.Build.0 = Release|Any CPU
	EndGlobalSection
	GlobalSection(SolutionProperties) = preSolution
		HideSolutionNode = FALSE
	EndGlobalSection
	GlobalSection(ExtensibilityGlobals) = postSolution
		SolutionGuid = {2DA19D01-5CA1-4FFC-A1EB-F5BAF7FB5574}
	EndGlobalSection
EndGlobal
