
Microsoft Visual Studio Solution File, Format Version 12.00
# Visual Studio Version 17
VisualStudioVersion = 17.3.32825.248
MinimumVisualStudioVersion = 10.0.40219.1
Project("{FAE04EC0-301F-11D3-BF4B-00C04F79EFBC}") = "P6_QuizMaker", "P6_QuizMaker.csproj", "{1D7C324F-1B42-4C00-8F7A-92B0F2FC8377}"
EndProject
Global
	GlobalSection(SolutionConfigurationPlatforms) = preSolution
		Debug|Any CPU = Debug|Any CPU
		Release|Any CPU = Release|Any CPU
	EndGlobalSection
	GlobalSection(ProjectConfigurationPlatforms) = postSolution
		{1D7C324F-1B42-4C00-8F7A-92B0F2FC8377}.Debug|Any CPU.ActiveCfg = Debug|Any CPU
		{1D7C324F-1B42-4C00-8F7A-92B0F2FC8377}.Debug|Any CPU.Build.0 = Debug|Any CPU
		{1D7C324F-1B42-4C00-8F7A-92B0F2FC8377}.Release|Any CPU.ActiveCfg = Release|Any CPU
		{1D7C324F-1B42-4C00-8F7A-92B0F2FC8377}.Release|Any CPU.Build.0 = Release|Any CPU
	EndGlobalSection
	GlobalSection(SolutionProperties) = preSolution
		HideSolutionNode = FALSE
	EndGlobalSection
	GlobalSection(ExtensibilityGlobals) = postSolution
		SolutionGuid = {E9D85B33-C278-4AE3-A0C9-91919C4C256E}
	EndGlobalSection
EndGlobal
