
Microsoft Visual Studio Solution File, Format Version 12.00
# Visual Studio Version 17
VisualStudioVersion = 17.10.35013.160
MinimumVisualStudioVersion = 10.0.40219.1
Project("{FAE04EC0-301F-11D3-BF4B-00C04F79EFBC}") = "PracticeFileStream", "PracticeFileStream\PracticeFileStream.csproj", "{FB33A986-E3CC-4971-813B-F394761F3B4D}"
EndProject
Global
	GlobalSection(SolutionConfigurationPlatforms) = preSolution
		Debug|Any CPU = Debug|Any CPU
		Release|Any CPU = Release|Any CPU
	EndGlobalSection
	GlobalSection(ProjectConfigurationPlatforms) = postSolution
		{FB33A986-E3CC-4971-813B-F394761F3B4D}.Debug|Any CPU.ActiveCfg = Debug|Any CPU
		{FB33A986-E3CC-4971-813B-F394761F3B4D}.Debug|Any CPU.Build.0 = Debug|Any CPU
		{FB33A986-E3CC-4971-813B-F394761F3B4D}.Release|Any CPU.ActiveCfg = Release|Any CPU
		{FB33A986-E3CC-4971-813B-F394761F3B4D}.Release|Any CPU.Build.0 = Release|Any CPU
	EndGlobalSection
	GlobalSection(SolutionProperties) = preSolution
		HideSolutionNode = FALSE
	EndGlobalSection
	GlobalSection(ExtensibilityGlobals) = postSolution
		SolutionGuid = {1E49307D-03CE-499F-BA75-4B2E95649F44}
	EndGlobalSection
EndGlobal
